{
  "requires": true,
  "lockfileVersion": 1,
  "dependencies": {
    "electron-tabs": {
      "version": "0.15.0",
      "resolved": "https://registry.npmjs.org/electron-tabs/-/electron-tabs-0.15.0.tgz",
      "integrity": "sha512-pGW5V+V9X1+b2muKndn7xsce6D89D5j7kt0j/+5nX/gwsIAnZ86axJDriOxVP20f8yN4sQkrYdUana3Wi3Ea0w=="
    }
  }
}
